
Microsoft Visual Studio Solution File, Format Version 12.00
# Visual Studio 2013
VisualStudioVersion = 12.0.31101.0
MinimumVisualStudioVersion = 10.0.40219.1
Project("{FAE04EC0-301F-11D3-BF4B-00C04F79EFBC}") = "Logic1", "Logic1\Logic1.csproj", "{D0C184D8-4931-4129-9F6A-66353CCAB57E}"
EndProject
Project("{FAE04EC0-301F-11D3-BF4B-00C04F79EFBC}") = "Logic2", "..\Logic2\Logic2\Logic2.csproj", "{054026AB-973D-4AFE-9405-E7F7ECF5A99E}"
EndProject
Global
	GlobalSection(SolutionConfigurationPlatforms) = preSolution
		Debug|Any CPU = Debug|Any CPU
		Release|Any CPU = Release|Any CPU
	EndGlobalSection
	GlobalSection(ProjectConfigurationPlatforms) = postSolution
		{D0C184D8-4931-4129-9F6A-66353CCAB57E}.Debug|Any CPU.ActiveCfg = Debug|Any CPU
		{D0C184D8-4931-4129-9F6A-66353CCAB57E}.Debug|Any CPU.Build.0 = Debug|Any CPU
		{D0C184D8-4931-4129-9F6A-66353CCAB57E}.Release|Any CPU.ActiveCfg = Release|Any CPU
		{D0C184D8-4931-4129-9F6A-66353CCAB57E}.Release|Any CPU.Build.0 = Release|Any CPU
		{054026AB-973D-4AFE-9405-E7F7ECF5A99E}.Debug|Any CPU.ActiveCfg = Debug|Any CPU
		{054026AB-973D-4AFE-9405-E7F7ECF5A99E}.Debug|Any CPU.Build.0 = Debug|Any CPU
		{054026AB-973D-4AFE-9405-E7F7ECF5A99E}.Release|Any CPU.ActiveCfg = Release|Any CPU
		{054026AB-973D-4AFE-9405-E7F7ECF5A99E}.Release|Any CPU.Build.0 = Release|Any CPU
	EndGlobalSection
	GlobalSection(SolutionProperties) = preSolution
		HideSolutionNode = FALSE
	EndGlobalSection
EndGlobal
